
Microsoft Visual Studio Solution File, Format Version 12.00
# Visual Studio 14
VisualStudioVersion = 14.0.25420.1
MinimumVisualStudioVersion = 10.0.40219.1
Project("{FAE04EC0-301F-11D3-BF4B-00C04F79EFBC}") = "InventoryTool.UI", "InventoryTool.UI\InventoryTool.UI.csproj", "{ECC35759-D43F-47F7-BD26-E1131749C8F1}"
EndProject
Project("{FAE04EC0-301F-11D3-BF4B-00C04F79EFBC}") = "InventoryTool.UI.Proxy", "InventoryTool.UI.Proxy\InventoryTool.UI.Proxy.csproj", "{7A361D42-375D-4451-9A28-DB8BB33C4097}"
EndProject
Project("{FAE04EC0-301F-11D3-BF4B-00C04F79EFBC}") = "InventoryTool.API", "InventoryTool.API\InventoryTool.API.csproj", "{E1684266-5F33-47C8-BE3A-EF6BE8F8F92B}"
EndProject
Project("{FAE04EC0-301F-11D3-BF4B-00C04F79EFBC}") = "InventoryTool.UI1", "InventoryTool.UI1\InventoryTool.UI1.csproj", "{CB02D017-B334-4344-AEFC-DDF9DB20619E}"
EndProject
Project("{FAE04EC0-301F-11D3-BF4B-00C04F79EFBC}") = "InventoryTool.Provider", "InventoryTool.Provider\InventoryTool.Provider.csproj", "{FE357FE3-F77C-40E9-AD6D-745BFDA58D77}"
EndProject
Project("{FAE04EC0-301F-11D3-BF4B-00C04F79EFBC}") = "InventoryTool.Model", "InventoryTool.Model\InventoryTool.Model.csproj", "{E7FA3257-98FA-4675-B904-6BC56F10EB84}"
EndProject
Global
	GlobalSection(SolutionConfigurationPlatforms) = preSolution
		Debug|Any CPU = Debug|Any CPU
		Release|Any CPU = Release|Any CPU
	EndGlobalSection
	GlobalSection(ProjectConfigurationPlatforms) = postSolution
		{ECC35759-D43F-47F7-BD26-E1131749C8F1}.Debug|Any CPU.ActiveCfg = Debug|Any CPU
		{ECC35759-D43F-47F7-BD26-E1131749C8F1}.Debug|Any CPU.Build.0 = Debug|Any CPU
		{ECC35759-D43F-47F7-BD26-E1131749C8F1}.Release|Any CPU.ActiveCfg = Release|Any CPU
		{ECC35759-D43F-47F7-BD26-E1131749C8F1}.Release|Any CPU.Build.0 = Release|Any CPU
		{7A361D42-375D-4451-9A28-DB8BB33C4097}.Debug|Any CPU.ActiveCfg = Debug|Any CPU
		{7A361D42-375D-4451-9A28-DB8BB33C4097}.Debug|Any CPU.Build.0 = Debug|Any CPU
		{7A361D42-375D-4451-9A28-DB8BB33C4097}.Release|Any CPU.ActiveCfg = Release|Any CPU
		{7A361D42-375D-4451-9A28-DB8BB33C4097}.Release|Any CPU.Build.0 = Release|Any CPU
		{E1684266-5F33-47C8-BE3A-EF6BE8F8F92B}.Debug|Any CPU.ActiveCfg = Debug|Any CPU
		{E1684266-5F33-47C8-BE3A-EF6BE8F8F92B}.Debug|Any CPU.Build.0 = Debug|Any CPU
		{E1684266-5F33-47C8-BE3A-EF6BE8F8F92B}.Release|Any CPU.ActiveCfg = Release|Any CPU
		{E1684266-5F33-47C8-BE3A-EF6BE8F8F92B}.Release|Any CPU.Build.0 = Release|Any CPU
		{CB02D017-B334-4344-AEFC-DDF9DB20619E}.Debug|Any CPU.ActiveCfg = Debug|Any CPU
		{CB02D017-B334-4344-AEFC-DDF9DB20619E}.Debug|Any CPU.Build.0 = Debug|Any CPU
		{CB02D017-B334-4344-AEFC-DDF9DB20619E}.Release|Any CPU.ActiveCfg = Release|Any CPU
		{CB02D017-B334-4344-AEFC-DDF9DB20619E}.Release|Any CPU.Build.0 = Release|Any CPU
		{FE357FE3-F77C-40E9-AD6D-745BFDA58D77}.Debug|Any CPU.ActiveCfg = Debug|Any CPU
		{FE357FE3-F77C-40E9-AD6D-745BFDA58D77}.Debug|Any CPU.Build.0 = Debug|Any CPU
		{FE357FE3-F77C-40E9-AD6D-745BFDA58D77}.Release|Any CPU.ActiveCfg = Release|Any CPU
		{FE357FE3-F77C-40E9-AD6D-745BFDA58D77}.Release|Any CPU.Build.0 = Release|Any CPU
		{E7FA3257-98FA-4675-B904-6BC56F10EB84}.Debug|Any CPU.ActiveCfg = Debug|Any CPU
		{E7FA3257-98FA-4675-B904-6BC56F10EB84}.Debug|Any CPU.Build.0 = Debug|Any CPU
		{E7FA3257-98FA-4675-B904-6BC56F10EB84}.Release|Any CPU.ActiveCfg = Release|Any CPU
		{E7FA3257-98FA-4675-B904-6BC56F10EB84}.Release|Any CPU.Build.0 = Release|Any CPU
	EndGlobalSection
	GlobalSection(SolutionProperties) = preSolution
		HideSolutionNode = FALSE
	EndGlobalSection
EndGlobal
